
Microsoft Visual Studio Solution File, Format Version 12.00
# Visual Studio Version 17
VisualStudioVersion = 17.13.35806.99 d17.13
MinimumVisualStudioVersion = 10.0.40219.1
Project("{FAE04EC0-301F-11D3-BF4B-00C04F79EFBC}") = "KayDSA_HomeAssignment", "KayDSA_HomeAssignment\KayDSA_HomeAssignment.csproj", "{7D481A99-D3B9-41B5-8244-25520F975422}"
EndProject
Global
	GlobalSection(SolutionConfigurationPlatforms) = preSolution
		Debug|Any CPU = Debug|Any CPU
		Release|Any CPU = Release|Any CPU
	EndGlobalSection
	GlobalSection(ProjectConfigurationPlatforms) = postSolution
		{7D481A99-D3B9-41B5-8244-25520F975422}.Debug|Any CPU.ActiveCfg = Debug|Any CPU
		{7D481A99-D3B9-41B5-8244-25520F975422}.Debug|Any CPU.Build.0 = Debug|Any CPU
		{7D481A99-D3B9-41B5-8244-25520F975422}.Release|Any CPU.ActiveCfg = Release|Any CPU
		{7D481A99-D3B9-41B5-8244-25520F975422}.Release|Any CPU.Build.0 = Release|Any CPU
	EndGlobalSection
	GlobalSection(SolutionProperties) = preSolution
		HideSolutionNode = FALSE
	EndGlobalSection
	GlobalSection(ExtensibilityGlobals) = postSolution
		SolutionGuid = {A47ABCF0-84B7-41D2-A332-E574C49FE897}
	EndGlobalSection
EndGlobal
